
Microsoft Visual Studio Solution File, Format Version 12.00
# Visual Studio Version 16
VisualStudioVersion = 16.0.29102.190
MinimumVisualStudioVersion = 10.0.40219.1
Project("{FAE04EC0-301F-11D3-BF4B-00C04F79EFBC}") = "WebApplication1", "WebApplication1\WebApplication1.csproj", "{CCC98B23-DF6D-46B4-850E-D854414BC6EF}"
EndProject
Global
	GlobalSection(SolutionConfigurationPlatforms) = preSolution
		Debug|Any CPU = Debug|Any CPU
		Release|Any CPU = Release|Any CPU
	EndGlobalSection
	GlobalSection(ProjectConfigurationPlatforms) = postSolution
		{CCC98B23-DF6D-46B4-850E-D854414BC6EF}.Debug|Any CPU.ActiveCfg = Debug|Any CPU
		{CCC98B23-DF6D-46B4-850E-D854414BC6EF}.Debug|Any CPU.Build.0 = Debug|Any CPU
		{CCC98B23-DF6D-46B4-850E-D854414BC6EF}.Release|Any CPU.ActiveCfg = Release|Any CPU
		{CCC98B23-DF6D-46B4-850E-D854414BC6EF}.Release|Any CPU.Build.0 = Release|Any CPU
	EndGlobalSection
	GlobalSection(SolutionProperties) = preSolution
		HideSolutionNode = FALSE
	EndGlobalSection
	GlobalSection(ExtensibilityGlobals) = postSolution
		SolutionGuid = {6B726834-1AEA-43F1-8E54-2D572A0CDDAF}
	EndGlobalSection
EndGlobal
